
Microsoft Visual Studio Solution File, Format Version 12.00
# Visual Studio Version 17
VisualStudioVersion = 17.3.32819.101
MinimumVisualStudioVersion = 10.0.40219.1
Project("{FAE04EC0-301F-11D3-BF4B-00C04F79EFBC}") = "KeeFarceReborn", "KeeFarceReborn.csproj", "{3BF24BEC-28EE-45DA-BA6D-54CD4A6FBD04}"
EndProject
Global
	GlobalSection(SolutionConfigurationPlatforms) = preSolution
		Debug|Any CPU = Debug|Any CPU
		Release|Any CPU = Release|Any CPU
	EndGlobalSection
	GlobalSection(ProjectConfigurationPlatforms) = postSolution
		{3BF24BEC-28EE-45DA-BA6D-54CD4A6FBD04}.Debug|Any CPU.ActiveCfg = Debug|Any CPU
		{3BF24BEC-28EE-45DA-BA6D-54CD4A6FBD04}.Debug|Any CPU.Build.0 = Debug|Any CPU
		{3BF24BEC-28EE-45DA-BA6D-54CD4A6FBD04}.Release|Any CPU.ActiveCfg = Release|Any CPU
		{3BF24BEC-28EE-45DA-BA6D-54CD4A6FBD04}.Release|Any CPU.Build.0 = Release|Any CPU
	EndGlobalSection
	GlobalSection(SolutionProperties) = preSolution
		HideSolutionNode = FALSE
	EndGlobalSection
	GlobalSection(ExtensibilityGlobals) = postSolution
		SolutionGuid = {448375C2-538A-48EA-A5CF-788E5D56C2B8}
	EndGlobalSection
EndGlobal
