
Microsoft Visual Studio Solution File, Format Version 12.00
# Visual Studio Version 17
VisualStudioVersion = 17.4.33213.308
MinimumVisualStudioVersion = 10.0.40219.1
Project("{FAE04EC0-301F-11D3-BF4B-00C04F79EFBC}") = "KeeFarceRebornPlugin", "KeeFarceRebornPlugin.csproj", "{C7B904F0-CC67-420B-9FB1-F80C5EC3E3E1}"
EndProject
Global
	GlobalSection(SolutionConfigurationPlatforms) = preSolution
		Debug|Any CPU = Debug|Any CPU
		Release|Any CPU = Release|Any CPU
	EndGlobalSection
	GlobalSection(ProjectConfigurationPlatforms) = postSolution
		{C7B904F0-CC67-420B-9FB1-F80C5EC3E3E1}.Debug|Any CPU.ActiveCfg = Debug|Any CPU
		{C7B904F0-CC67-420B-9FB1-F80C5EC3E3E1}.Debug|Any CPU.Build.0 = Debug|Any CPU
		{C7B904F0-CC67-420B-9FB1-F80C5EC3E3E1}.Release|Any CPU.ActiveCfg = Release|Any CPU
		{C7B904F0-CC67-420B-9FB1-F80C5EC3E3E1}.Release|Any CPU.Build.0 = Release|Any CPU
	EndGlobalSection
	GlobalSection(SolutionProperties) = preSolution
		HideSolutionNode = FALSE
	EndGlobalSection
	GlobalSection(ExtensibilityGlobals) = postSolution
		SolutionGuid = {6DDF3385-251D-4D58-896B-4A66C81FFE4E}
	EndGlobalSection
EndGlobal
